
Microsoft Visual Studio Solution File, Format Version 12.00
# Visual Studio Version 17
VisualStudioVersion = 17.14.36623.8
MinimumVisualStudioVersion = 10.0.40219.1
Project("{FAE04EC0-301F-11D3-BF4B-00C04F79EFBC}") = "FINAL PROJECT", "FINAL PROJECT\FINAL PROJECT.csproj", "{D863E1CE-9924-48F9-89B2-FE9F2C090E11}"
EndProject
Project("{FAE04EC0-301F-11D3-BF4B-00C04F79EFBC}") = "MySpaLibrary", "MySpaLibrary\MySpaLibrary.csproj", "{DB027659-C36A-41F2-A0CA-3D7D829A4EDC}"
EndProject
Global
	GlobalSection(SolutionConfigurationPlatforms) = preSolution
		Debug|Any CPU = Debug|Any CPU
		Release|Any CPU = Release|Any CPU
	EndGlobalSection
	GlobalSection(ProjectConfigurationPlatforms) = postSolution
		{D863E1CE-9924-48F9-89B2-FE9F2C090E11}.Debug|Any CPU.ActiveCfg = Debug|Any CPU
		{D863E1CE-9924-48F9-89B2-FE9F2C090E11}.Debug|Any CPU.Build.0 = Debug|Any CPU
		{D863E1CE-9924-48F9-89B2-FE9F2C090E11}.Release|Any CPU.ActiveCfg = Release|Any CPU
		{D863E1CE-9924-48F9-89B2-FE9F2C090E11}.Release|Any CPU.Build.0 = Release|Any CPU
		{DB027659-C36A-41F2-A0CA-3D7D829A4EDC}.Debug|Any CPU.ActiveCfg = Debug|Any CPU
		{DB027659-C36A-41F2-A0CA-3D7D829A4EDC}.Debug|Any CPU.Build.0 = Debug|Any CPU
		{DB027659-C36A-41F2-A0CA-3D7D829A4EDC}.Release|Any CPU.ActiveCfg = Release|Any CPU
		{DB027659-C36A-41F2-A0CA-3D7D829A4EDC}.Release|Any CPU.Build.0 = Release|Any CPU
	EndGlobalSection
	GlobalSection(SolutionProperties) = preSolution
		HideSolutionNode = FALSE
	EndGlobalSection
	GlobalSection(ExtensibilityGlobals) = postSolution
		SolutionGuid = {1190DF70-9126-4167-8945-A220F1D5F906}
	EndGlobalSection
EndGlobal
